
Microsoft Visual Studio Solution File, Format Version 12.00
# Visual Studio Version 17
VisualStudioVersion = 17.7.34031.279
MinimumVisualStudioVersion = 10.0.40219.1
Project("{FAE04EC0-301F-11D3-BF4B-00C04F79EFBC}") = "PublishDemo", "PublishDemo\PublishDemo.csproj", "{35460153-E657-4303-BF80-CF4776657EEC}"
EndProject
Global
	GlobalSection(SolutionConfigurationPlatforms) = preSolution
		Debug|Any CPU = Debug|Any CPU
		Release|Any CPU = Release|Any CPU
	EndGlobalSection
	GlobalSection(ProjectConfigurationPlatforms) = postSolution
		{35460153-E657-4303-BF80-CF4776657EEC}.Debug|Any CPU.ActiveCfg = Debug|Any CPU
		{35460153-E657-4303-BF80-CF4776657EEC}.Debug|Any CPU.Build.0 = Debug|Any CPU
		{35460153-E657-4303-BF80-CF4776657EEC}.Release|Any CPU.ActiveCfg = Release|Any CPU
		{35460153-E657-4303-BF80-CF4776657EEC}.Release|Any CPU.Build.0 = Release|Any CPU
	EndGlobalSection
	GlobalSection(SolutionProperties) = preSolution
		HideSolutionNode = FALSE
	EndGlobalSection
	GlobalSection(ExtensibilityGlobals) = postSolution
		SolutionGuid = {06E0B2B2-C528-41B8-97E3-370BD13D3DC8}
	EndGlobalSection
EndGlobal
